
Microsoft Visual Studio Solution File, Format Version 12.00
# Visual Studio Version 17
VisualStudioVersion = 17.13.35931.197 d17.13
MinimumVisualStudioVersion = 10.0.40219.1
Project("{FAE04EC0-301F-11D3-BF4B-00C04F79EFBC}") = "lr1", "lr1\lr1.csproj", "{42657572-4CE0-4E53-BEE2-A89F3C22DD28}"
EndProject
Project("{FAE04EC0-301F-11D3-BF4B-00C04F79EFBC}") = "AFactory", "AFactory\AFactory.csproj", "{D40D3619-C321-4ABF-82E6-674D322A50E7}"
EndProject
Global
	GlobalSection(SolutionConfigurationPlatforms) = preSolution
		Debug|Any CPU = Debug|Any CPU
		Release|Any CPU = Release|Any CPU
	EndGlobalSection
	GlobalSection(ProjectConfigurationPlatforms) = postSolution
		{42657572-4CE0-4E53-BEE2-A89F3C22DD28}.Debug|Any CPU.ActiveCfg = Debug|Any CPU
		{42657572-4CE0-4E53-BEE2-A89F3C22DD28}.Debug|Any CPU.Build.0 = Debug|Any CPU
		{42657572-4CE0-4E53-BEE2-A89F3C22DD28}.Release|Any CPU.ActiveCfg = Release|Any CPU
		{42657572-4CE0-4E53-BEE2-A89F3C22DD28}.Release|Any CPU.Build.0 = Release|Any CPU
		{D40D3619-C321-4ABF-82E6-674D322A50E7}.Debug|Any CPU.ActiveCfg = Debug|Any CPU
		{D40D3619-C321-4ABF-82E6-674D322A50E7}.Debug|Any CPU.Build.0 = Debug|Any CPU
		{D40D3619-C321-4ABF-82E6-674D322A50E7}.Release|Any CPU.ActiveCfg = Release|Any CPU
		{D40D3619-C321-4ABF-82E6-674D322A50E7}.Release|Any CPU.Build.0 = Release|Any CPU
	EndGlobalSection
	GlobalSection(SolutionProperties) = preSolution
		HideSolutionNode = FALSE
	EndGlobalSection
	GlobalSection(ExtensibilityGlobals) = postSolution
		SolutionGuid = {0E5E7063-250E-40E1-AA61-9CC6728F9FB2}
	EndGlobalSection
EndGlobal
