
Microsoft Visual Studio Solution File, Format Version 12.00
# Visual Studio Version 17
VisualStudioVersion = 17.14.36518.9 d17.14
MinimumVisualStudioVersion = 10.0.40219.1
Project("{FAE04EC0-301F-11D3-BF4B-00C04F79EFBC}") = "lr2", "lr2\lr2.csproj", "{7E43787B-1C12-4647-9358-2996C91472B3}"
EndProject
Project("{FAE04EC0-301F-11D3-BF4B-00C04F79EFBC}") = "Factory_Method", "Factory_Method\Factory_Method.csproj", "{50828568-51DC-42C4-8F73-A4345D4E2FCF}"
EndProject
Global
	GlobalSection(SolutionConfigurationPlatforms) = preSolution
		Debug|Any CPU = Debug|Any CPU
		Release|Any CPU = Release|Any CPU
	EndGlobalSection
	GlobalSection(ProjectConfigurationPlatforms) = postSolution
		{7E43787B-1C12-4647-9358-2996C91472B3}.Debug|Any CPU.ActiveCfg = Debug|Any CPU
		{7E43787B-1C12-4647-9358-2996C91472B3}.Debug|Any CPU.Build.0 = Debug|Any CPU
		{7E43787B-1C12-4647-9358-2996C91472B3}.Release|Any CPU.ActiveCfg = Release|Any CPU
		{7E43787B-1C12-4647-9358-2996C91472B3}.Release|Any CPU.Build.0 = Release|Any CPU
		{50828568-51DC-42C4-8F73-A4345D4E2FCF}.Debug|Any CPU.ActiveCfg = Debug|Any CPU
		{50828568-51DC-42C4-8F73-A4345D4E2FCF}.Debug|Any CPU.Build.0 = Debug|Any CPU
		{50828568-51DC-42C4-8F73-A4345D4E2FCF}.Release|Any CPU.ActiveCfg = Release|Any CPU
		{50828568-51DC-42C4-8F73-A4345D4E2FCF}.Release|Any CPU.Build.0 = Release|Any CPU
	EndGlobalSection
	GlobalSection(SolutionProperties) = preSolution
		HideSolutionNode = FALSE
	EndGlobalSection
	GlobalSection(ExtensibilityGlobals) = postSolution
		SolutionGuid = {92BF3F21-0D6A-4AA4-B54C-92EB3A401F51}
	EndGlobalSection
EndGlobal
